
Microsoft Visual Studio Solution File, Format Version 12.00
# Visual Studio 2012
Project("{FAE04EC0-301F-11D3-BF4B-00C04F79EFBC}") = "Twitter.DAL", "Twitter.DAL\Twitter.DAL.csproj", "{B54E79CC-EE7C-4900-AFC6-5BB9CAAD88A2}"
EndProject
Project("{FAE04EC0-301F-11D3-BF4B-00C04F79EFBC}") = "Twitter.Model", "Twitter.Model\Twitter.Model.csproj", "{D8CA5689-0F44-44D0-9D6B-C4CA5D7C63FA}"
EndProject
Project("{FAE04EC0-301F-11D3-BF4B-00C04F79EFBC}") = "Twitter.CRUD", "Twitter.CRUD\Twitter.CRUD.csproj", "{92A543AD-5B9F-415E-ABA0-641E4312B068}"
EndProject
Project("{FAE04EC0-301F-11D3-BF4B-00C04F79EFBC}") = "Twitter.BL", "Twitter.BL\Twitter.BL.csproj", "{C7A62AFF-16F2-4378-9E1C-B60916D79001}"
EndProject
Project("{FAE04EC0-301F-11D3-BF4B-00C04F79EFBC}") = "Twitter.WEB", "Twitter.WEB\Twitter.WEB.csproj", "{608AB79D-437C-4BB4-9B04-4A13C62D9215}"
EndProject
Global
	GlobalSection(SolutionConfigurationPlatforms) = preSolution
		Debug|Any CPU = Debug|Any CPU
		Release|Any CPU = Release|Any CPU
	EndGlobalSection
	GlobalSection(ProjectConfigurationPlatforms) = postSolution
		{B54E79CC-EE7C-4900-AFC6-5BB9CAAD88A2}.Debug|Any CPU.ActiveCfg = Debug|Any CPU
		{B54E79CC-EE7C-4900-AFC6-5BB9CAAD88A2}.Debug|Any CPU.Build.0 = Debug|Any CPU
		{B54E79CC-EE7C-4900-AFC6-5BB9CAAD88A2}.Release|Any CPU.ActiveCfg = Release|Any CPU
		{B54E79CC-EE7C-4900-AFC6-5BB9CAAD88A2}.Release|Any CPU.Build.0 = Release|Any CPU
		{D8CA5689-0F44-44D0-9D6B-C4CA5D7C63FA}.Debug|Any CPU.ActiveCfg = Debug|Any CPU
		{D8CA5689-0F44-44D0-9D6B-C4CA5D7C63FA}.Debug|Any CPU.Build.0 = Debug|Any CPU
		{D8CA5689-0F44-44D0-9D6B-C4CA5D7C63FA}.Release|Any CPU.ActiveCfg = Release|Any CPU
		{D8CA5689-0F44-44D0-9D6B-C4CA5D7C63FA}.Release|Any CPU.Build.0 = Release|Any CPU
		{92A543AD-5B9F-415E-ABA0-641E4312B068}.Debug|Any CPU.ActiveCfg = Debug|Any CPU
		{92A543AD-5B9F-415E-ABA0-641E4312B068}.Debug|Any CPU.Build.0 = Debug|Any CPU
		{92A543AD-5B9F-415E-ABA0-641E4312B068}.Release|Any CPU.ActiveCfg = Release|Any CPU
		{92A543AD-5B9F-415E-ABA0-641E4312B068}.Release|Any CPU.Build.0 = Release|Any CPU
		{C7A62AFF-16F2-4378-9E1C-B60916D79001}.Debug|Any CPU.ActiveCfg = Debug|Any CPU
		{C7A62AFF-16F2-4378-9E1C-B60916D79001}.Debug|Any CPU.Build.0 = Debug|Any CPU
		{C7A62AFF-16F2-4378-9E1C-B60916D79001}.Release|Any CPU.ActiveCfg = Release|Any CPU
		{C7A62AFF-16F2-4378-9E1C-B60916D79001}.Release|Any CPU.Build.0 = Release|Any CPU
		{608AB79D-437C-4BB4-9B04-4A13C62D9215}.Debug|Any CPU.ActiveCfg = Debug|Any CPU
		{608AB79D-437C-4BB4-9B04-4A13C62D9215}.Debug|Any CPU.Build.0 = Debug|Any CPU
		{608AB79D-437C-4BB4-9B04-4A13C62D9215}.Release|Any CPU.ActiveCfg = Release|Any CPU
		{608AB79D-437C-4BB4-9B04-4A13C62D9215}.Release|Any CPU.Build.0 = Release|Any CPU
	EndGlobalSection
	GlobalSection(SolutionProperties) = preSolution
		HideSolutionNode = FALSE
	EndGlobalSection
EndGlobal
